
Microsoft Visual Studio Solution File, Format Version 12.00
# Visual Studio Version 16
VisualStudioVersion = 16.0.29102.190
MinimumVisualStudioVersion = 10.0.40219.1
Project("{9A19103F-16F7-4668-BE54-9A1E7A4F7556}") = "mssql", "mssql\mssql.csproj", "{C2057BDE-4A53-4FBD-999F-3A87D6D9F04D}"
EndProject
Project("{9A19103F-16F7-4668-BE54-9A1E7A4F7556}") = "ahk.common", "ahk.common\ahk.common.csproj", "{756AD76C-1405-43DB-9947-45FD655DA980}"
EndProject
Project("{2150E333-8FDC-42A3-9474-1A3956D46DE8}") = "Solution Items", "Solution Items", "{9C69348B-3C29-40ED-B7A4-DE3A3B7D97FF}"
	ProjectSection(SolutionItems) = preProject
		docker-compose.yml = docker-compose.yml
	EndProjectSection
EndProject
Project("{9A19103F-16F7-4668-BE54-9A1E7A4F7556}") = "ahk.adatvez.mssqldb", "ahk.adatvez.mssqldb\ahk.adatvez.mssqldb.csproj", "{55DA3B4C-D4E6-43AD-8A28-B312D188F651}"
EndProject
Global
	GlobalSection(SolutionConfigurationPlatforms) = preSolution
		Debug|Any CPU = Debug|Any CPU
		Release|Any CPU = Release|Any CPU
	EndGlobalSection
	GlobalSection(ProjectConfigurationPlatforms) = postSolution
		{C2057BDE-4A53-4FBD-999F-3A87D6D9F04D}.Debug|Any CPU.ActiveCfg = Debug|Any CPU
		{C2057BDE-4A53-4FBD-999F-3A87D6D9F04D}.Debug|Any CPU.Build.0 = Debug|Any CPU
		{C2057BDE-4A53-4FBD-999F-3A87D6D9F04D}.Release|Any CPU.ActiveCfg = Release|Any CPU
		{C2057BDE-4A53-4FBD-999F-3A87D6D9F04D}.Release|Any CPU.Build.0 = Release|Any CPU
		{756AD76C-1405-43DB-9947-45FD655DA980}.Debug|Any CPU.ActiveCfg = Debug|Any CPU
		{756AD76C-1405-43DB-9947-45FD655DA980}.Debug|Any CPU.Build.0 = Debug|Any CPU
		{756AD76C-1405-43DB-9947-45FD655DA980}.Release|Any CPU.ActiveCfg = Release|Any CPU
		{756AD76C-1405-43DB-9947-45FD655DA980}.Release|Any CPU.Build.0 = Release|Any CPU
		{55DA3B4C-D4E6-43AD-8A28-B312D188F651}.Debug|Any CPU.ActiveCfg = Debug|Any CPU
		{55DA3B4C-D4E6-43AD-8A28-B312D188F651}.Debug|Any CPU.Build.0 = Debug|Any CPU
		{55DA3B4C-D4E6-43AD-8A28-B312D188F651}.Release|Any CPU.ActiveCfg = Release|Any CPU
		{55DA3B4C-D4E6-43AD-8A28-B312D188F651}.Release|Any CPU.Build.0 = Release|Any CPU
		{4060CFDC-8190-4A1F-8707-D314CC8C98B7}.Debug|Any CPU.ActiveCfg = Debug|Any CPU
		{4060CFDC-8190-4A1F-8707-D314CC8C98B7}.Debug|Any CPU.Build.0 = Debug|Any CPU
		{4060CFDC-8190-4A1F-8707-D314CC8C98B7}.Release|Any CPU.ActiveCfg = Release|Any CPU
		{4060CFDC-8190-4A1F-8707-D314CC8C98B7}.Release|Any CPU.Build.0 = Release|Any CPU
	EndGlobalSection
	GlobalSection(SolutionProperties) = preSolution
		HideSolutionNode = FALSE
	EndGlobalSection
	GlobalSection(ExtensibilityGlobals) = postSolution
		SolutionGuid = {E9384A74-F5A1-4A9B-AC3D-5EB7F6E5A6A1}
	EndGlobalSection
EndGlobal
